
Microsoft Visual Studio Solution File, Format Version 12.00
# Visual Studio Version 17
VisualStudioVersion = 17.9.34714.143
MinimumVisualStudioVersion = 10.0.40219.1
Project("{FAE04EC0-301F-11D3-BF4B-00C04F79EFBC}") = "Lab3", "Lab3\Lab3.csproj", "{B954AF81-792C-47C2-B10E-769430A8C922}"
EndProject
Global
	GlobalSection(SolutionConfigurationPlatforms) = preSolution
		Debug|Any CPU = Debug|Any CPU
		Release|Any CPU = Release|Any CPU
	EndGlobalSection
	GlobalSection(ProjectConfigurationPlatforms) = postSolution
		{B954AF81-792C-47C2-B10E-769430A8C922}.Debug|Any CPU.ActiveCfg = Debug|Any CPU
		{B954AF81-792C-47C2-B10E-769430A8C922}.Debug|Any CPU.Build.0 = Debug|Any CPU
		{B954AF81-792C-47C2-B10E-769430A8C922}.Release|Any CPU.ActiveCfg = Release|Any CPU
		{B954AF81-792C-47C2-B10E-769430A8C922}.Release|Any CPU.Build.0 = Release|Any CPU
	EndGlobalSection
	GlobalSection(SolutionProperties) = preSolution
		HideSolutionNode = FALSE
	EndGlobalSection
	GlobalSection(ExtensibilityGlobals) = postSolution
		SolutionGuid = {F78C908A-DBEB-47A8-85AA-403434C0C992}
	EndGlobalSection
EndGlobal
